
Microsoft Visual Studio Solution File, Format Version 12.00
# Visual Studio Version 16
VisualStudioVersion = 16.0.30621.155
MinimumVisualStudioVersion = 10.0.40219.1
Project("{9A19103F-16F7-4668-BE54-9A1E7A4F7556}") = "Fast.Web", "src\Fast.Web\Fast.Web.csproj", "{9724E3F4-0B6D-471A-BF02-058EE22AC39F}"
EndProject
Project("{2150E333-8FDC-42A3-9474-1A3956D46DE8}") = "src", "src", "{44852D04-0678-4FF0-B9E1-848F385341A5}"
EndProject
Project("{FAE04EC0-301F-11D3-BF4B-00C04F79EFBC}") = "Fast.DAL", "Fast.DAL\Fast.DAL.csproj", "{EF557DB4-689B-41A3-AE1E-2FBE8CA3F772}"
EndProject
Global
	GlobalSection(SolutionConfigurationPlatforms) = preSolution
		Debug|Any CPU = Debug|Any CPU
		Release|Any CPU = Release|Any CPU
	EndGlobalSection
	GlobalSection(ProjectConfigurationPlatforms) = postSolution
		{9724E3F4-0B6D-471A-BF02-058EE22AC39F}.Debug|Any CPU.ActiveCfg = Debug|Any CPU
		{9724E3F4-0B6D-471A-BF02-058EE22AC39F}.Debug|Any CPU.Build.0 = Debug|Any CPU
		{9724E3F4-0B6D-471A-BF02-058EE22AC39F}.Release|Any CPU.ActiveCfg = Release|Any CPU
		{9724E3F4-0B6D-471A-BF02-058EE22AC39F}.Release|Any CPU.Build.0 = Release|Any CPU
		{EF557DB4-689B-41A3-AE1E-2FBE8CA3F772}.Debug|Any CPU.ActiveCfg = Debug|Any CPU
		{EF557DB4-689B-41A3-AE1E-2FBE8CA3F772}.Debug|Any CPU.Build.0 = Debug|Any CPU
		{EF557DB4-689B-41A3-AE1E-2FBE8CA3F772}.Release|Any CPU.ActiveCfg = Release|Any CPU
		{EF557DB4-689B-41A3-AE1E-2FBE8CA3F772}.Release|Any CPU.Build.0 = Release|Any CPU
	EndGlobalSection
	GlobalSection(SolutionProperties) = preSolution
		HideSolutionNode = FALSE
	EndGlobalSection
	GlobalSection(NestedProjects) = preSolution
		{9724E3F4-0B6D-471A-BF02-058EE22AC39F} = {44852D04-0678-4FF0-B9E1-848F385341A5}
		{EF557DB4-689B-41A3-AE1E-2FBE8CA3F772} = {44852D04-0678-4FF0-B9E1-848F385341A5}
	EndGlobalSection
	GlobalSection(ExtensibilityGlobals) = postSolution
		SolutionGuid = {F3E08FDC-31DB-4931-94DD-B00F4ACFA909}
	EndGlobalSection
EndGlobal
